
Microsoft Visual Studio Solution File, Format Version 12.00
# Visual Studio Version 16
VisualStudioVersion = 16.0.31005.135
MinimumVisualStudioVersion = 10.0.40219.1
Project("{9A19103F-16F7-4668-BE54-9A1E7A4F7556}") = "Centroware.Web", "Centroware.Web\Centroware.Web.csproj", "{4A127884-17C2-4BC6-9E4D-1B0105A38B1B}"
EndProject
Project("{9A19103F-16F7-4668-BE54-9A1E7A4F7556}") = "Centroware.Repository", "Centroware.Repository\Centroware.Repository.csproj", "{E701DC13-7FD2-4E08-88EB-72CED536C6B5}"
EndProject
Project("{9A19103F-16F7-4668-BE54-9A1E7A4F7556}") = "Centroware.Data", "Centroware.Data\Centroware.Data.csproj", "{9ECC4C84-0826-45A5-8EC6-5E6D26F711AB}"
EndProject
Project("{9A19103F-16F7-4668-BE54-9A1E7A4F7556}") = "Centroware.Service", "Centroware.Service\Centroware.Service.csproj", "{66311FFB-1F11-49E2-89AB-FBFD197C5A16}"
EndProject
Project("{FAE04EC0-301F-11D3-BF4B-00C04F79EFBC}") = "Centroware.Model", "Centroware.Model\Centroware.Model.csproj", "{0402F7F0-0D68-4197-8DA2-5C4A694092DC}"
EndProject
Global
	GlobalSection(SolutionConfigurationPlatforms) = preSolution
		Debug|Any CPU = Debug|Any CPU
		Release|Any CPU = Release|Any CPU
	EndGlobalSection
	GlobalSection(ProjectConfigurationPlatforms) = postSolution
		{4A127884-17C2-4BC6-9E4D-1B0105A38B1B}.Debug|Any CPU.ActiveCfg = Debug|Any CPU
		{4A127884-17C2-4BC6-9E4D-1B0105A38B1B}.Debug|Any CPU.Build.0 = Debug|Any CPU
		{4A127884-17C2-4BC6-9E4D-1B0105A38B1B}.Release|Any CPU.ActiveCfg = Release|Any CPU
		{4A127884-17C2-4BC6-9E4D-1B0105A38B1B}.Release|Any CPU.Build.0 = Release|Any CPU
		{E701DC13-7FD2-4E08-88EB-72CED536C6B5}.Debug|Any CPU.ActiveCfg = Debug|Any CPU
		{E701DC13-7FD2-4E08-88EB-72CED536C6B5}.Debug|Any CPU.Build.0 = Debug|Any CPU
		{E701DC13-7FD2-4E08-88EB-72CED536C6B5}.Release|Any CPU.ActiveCfg = Release|Any CPU
		{E701DC13-7FD2-4E08-88EB-72CED536C6B5}.Release|Any CPU.Build.0 = Release|Any CPU
		{9ECC4C84-0826-45A5-8EC6-5E6D26F711AB}.Debug|Any CPU.ActiveCfg = Debug|Any CPU
		{9ECC4C84-0826-45A5-8EC6-5E6D26F711AB}.Debug|Any CPU.Build.0 = Debug|Any CPU
		{9ECC4C84-0826-45A5-8EC6-5E6D26F711AB}.Release|Any CPU.ActiveCfg = Release|Any CPU
		{9ECC4C84-0826-45A5-8EC6-5E6D26F711AB}.Release|Any CPU.Build.0 = Release|Any CPU
		{66311FFB-1F11-49E2-89AB-FBFD197C5A16}.Debug|Any CPU.ActiveCfg = Debug|Any CPU
		{66311FFB-1F11-49E2-89AB-FBFD197C5A16}.Debug|Any CPU.Build.0 = Debug|Any CPU
		{66311FFB-1F11-49E2-89AB-FBFD197C5A16}.Release|Any CPU.ActiveCfg = Release|Any CPU
		{66311FFB-1F11-49E2-89AB-FBFD197C5A16}.Release|Any CPU.Build.0 = Release|Any CPU
		{0402F7F0-0D68-4197-8DA2-5C4A694092DC}.Debug|Any CPU.ActiveCfg = Debug|Any CPU
		{0402F7F0-0D68-4197-8DA2-5C4A694092DC}.Debug|Any CPU.Build.0 = Debug|Any CPU
		{0402F7F0-0D68-4197-8DA2-5C4A694092DC}.Release|Any CPU.ActiveCfg = Release|Any CPU
		{0402F7F0-0D68-4197-8DA2-5C4A694092DC}.Release|Any CPU.Build.0 = Release|Any CPU
	EndGlobalSection
	GlobalSection(SolutionProperties) = preSolution
		HideSolutionNode = FALSE
	EndGlobalSection
	GlobalSection(ExtensibilityGlobals) = postSolution
		SolutionGuid = {B8DDD609-A58A-4D3D-BA99-1029CE53E4AE}
	EndGlobalSection
EndGlobal
